
Microsoft Visual Studio Solution File, Format Version 12.00
# Visual Studio Version 16
VisualStudioVersion = 16.0.30717.126
MinimumVisualStudioVersion = 10.0.40219.1
Project("{FAE04EC0-301F-11D3-BF4B-00C04F79EFBC}") = "IRF_Project", "IRF_Project\IRF_Project.csproj", "{1B5E4CA8-6CFE-412D-94FA-C0E6489AE90A}"
EndProject
Global
	GlobalSection(SolutionConfigurationPlatforms) = preSolution
		Debug|Any CPU = Debug|Any CPU
		Release|Any CPU = Release|Any CPU
	EndGlobalSection
	GlobalSection(ProjectConfigurationPlatforms) = postSolution
		{1B5E4CA8-6CFE-412D-94FA-C0E6489AE90A}.Debug|Any CPU.ActiveCfg = Debug|Any CPU
		{1B5E4CA8-6CFE-412D-94FA-C0E6489AE90A}.Debug|Any CPU.Build.0 = Debug|Any CPU
		{1B5E4CA8-6CFE-412D-94FA-C0E6489AE90A}.Release|Any CPU.ActiveCfg = Release|Any CPU
		{1B5E4CA8-6CFE-412D-94FA-C0E6489AE90A}.Release|Any CPU.Build.0 = Release|Any CPU
	EndGlobalSection
	GlobalSection(SolutionProperties) = preSolution
		HideSolutionNode = FALSE
	EndGlobalSection
	GlobalSection(ExtensibilityGlobals) = postSolution
		SolutionGuid = {CC5EB218-4E02-40D9-9555-98F67470F3F3}
	EndGlobalSection
EndGlobal
